
Microsoft Visual Studio Solution File, Format Version 12.00
# Visual Studio Version 17
VisualStudioVersion = 17.7.34031.279
MinimumVisualStudioVersion = 10.0.40219.1
Project("{FAE04EC0-301F-11D3-BF4B-00C04F79EFBC}") = "CreditStore_Release", "CreditStore_Release.csproj", "{C8BD429B-4116-45F9-B83F-8397921CE172}"
EndProject
Global
	GlobalSection(SolutionConfigurationPlatforms) = preSolution
		Debug|Any CPU = Debug|Any CPU
	EndGlobalSection
	GlobalSection(ProjectConfigurationPlatforms) = postSolution
		{C8BD429B-4116-45F9-B83F-8397921CE172}.Debug|Any CPU.ActiveCfg = Debug|Any CPU
		{C8BD429B-4116-45F9-B83F-8397921CE172}.Debug|Any CPU.Build.0 = Debug|Any CPU
	EndGlobalSection
	GlobalSection(SolutionProperties) = preSolution
		HideSolutionNode = FALSE
	EndGlobalSection
	GlobalSection(ExtensibilityGlobals) = postSolution
		SolutionGuid = {4B9EC368-56EC-43A5-BBFF-249190080EA8}
	EndGlobalSection
EndGlobal
